
Microsoft Visual Studio Solution File, Format Version 12.00
# Visual Studio Version 17
VisualStudioVersion = 17.2.32519.379
MinimumVisualStudioVersion = 10.0.40219.1
Project("{9A19103F-16F7-4668-BE54-9A1E7A4F7556}") = "PetCalculator", "PetCalculator.csproj", "{2009E958-1AD1-4C38-AB4E-E51CC03B25D6}"
EndProject
Global
	GlobalSection(SolutionConfigurationPlatforms) = preSolution
		Debug|Any CPU = Debug|Any CPU
		Release|Any CPU = Release|Any CPU
	EndGlobalSection
	GlobalSection(ProjectConfigurationPlatforms) = postSolution
		{2009E958-1AD1-4C38-AB4E-E51CC03B25D6}.Debug|Any CPU.ActiveCfg = Debug|Any CPU
		{2009E958-1AD1-4C38-AB4E-E51CC03B25D6}.Debug|Any CPU.Build.0 = Debug|Any CPU
		{2009E958-1AD1-4C38-AB4E-E51CC03B25D6}.Release|Any CPU.ActiveCfg = Release|Any CPU
		{2009E958-1AD1-4C38-AB4E-E51CC03B25D6}.Release|Any CPU.Build.0 = Release|Any CPU
	EndGlobalSection
	GlobalSection(SolutionProperties) = preSolution
		HideSolutionNode = FALSE
	EndGlobalSection
	GlobalSection(ExtensibilityGlobals) = postSolution
		SolutionGuid = {B6FF635A-BFE5-41B0-B93D-3E455E4F2346}
	EndGlobalSection
EndGlobal
